// !$*UTF8*$!
{
	archiveVersion = 1;
	classes = {
	};
	objectVersion = 55;
	objects = {

/* Begin PBXBuildFile section */
		00485D2C273D172A0075F874 /* AppDelegate.swift in Sources */ = {isa = PBXBuildFile; fileRef = 00485D2B273D172A0075F874 /* AppDelegate.swift */; };
		00485D2E273D172A0075F874 /* SceneDelegate.swift in Sources */ = {isa = PBXBuildFile; fileRef = 00485D2D273D172A0075F874 /* SceneDelegate.swift */; };
		00485D30273D172A0075F874 /* ViewController.swift in Sources */ = {isa = PBXBuildFile; fileRef = 00485D2F273D172A0075F874 /* ViewController.swift */; };
		00485D33273D172A0075F874 /* Main.storyboard in Resources */ = {isa = PBXBuildFile; fileRef = 00485D31273D172A0075F874 /* Main.storyboard */; };
		00485D36273D172A0075F874 /* gallery.xcdatamodeld in Sources */ = {isa = PBXBuildFile; fileRef = 00485D34273D172A0075F874 /* gallery.xcdatamodeld */; };
		00485D38273D172C0075F874 /* Assets.xcassets in Resources */ = {isa = PBXBuildFile; fileRef = 00485D37273D172C0075F874 /* Assets.xcassets */; };
		00485D3B273D172C0075F874 /* LaunchScreen.storyboard in Resources */ = {isa = PBXBuildFile; fileRef = 00485D39273D172C0075F874 /* LaunchScreen.storyboard */; };
		00485D43273D22C20075F874 /* DataManager.swift in Sources */ = {isa = PBXBuildFile; fileRef = 00485D42273D22C20075F874 /* DataManager.swift */; };
		00485D47273D26620075F874 /* Photo.swift in Sources */ = {isa = PBXBuildFile; fileRef = 00485D46273D26620075F874 /* Photo.swift */; };
		00485D49273D2C200075F874 /* PhotoLib.swift in Sources */ = {isa = PBXBuildFile; fileRef = 00485D48273D2C200075F874 /* PhotoLib.swift */; };
		00485D4B273D4ED60075F874 /* DynamicCodingKeys.swift in Sources */ = {isa = PBXBuildFile; fileRef = 00485D4A273D4ED60075F874 /* DynamicCodingKeys.swift */; };
/* End PBXBuildFile section */

/* Begin PBXFileReference section */
		00485D28273D172A0075F874 /* gallery.app */ = {isa = PBXFileReference; explicitFileType = wrapper.application; includeInIndex = 0; path = gallery.app; sourceTree = BUILT_PRODUCTS_DIR; };
		00485D2B273D172A0075F874 /* AppDelegate.swift */ = {isa = PBXFileReference; lastKnownFileType = sourcecode.swift; path = AppDelegate.swift; sourceTree = "<group>"; };
		00485D2D273D172A0075F874 /* SceneDelegate.swift */ = {isa = PBXFileReference; lastKnownFileType = sourcecode.swift; path = SceneDelegate.swift; sourceTree = "<group>"; };
		00485D2F273D172A0075F874 /* ViewController.swift */ = {isa = PBXFileReference; lastKnownFileType = sourcecode.swift; path = ViewController.swift; sourceTree = "<group>"; };
		00485D32273D172A0075F874 /* Base */ = {isa = PBXFileReference; lastKnownFileType = file.storyboard; name = Base; path = Base.lproj/Main.storyboard; sourceTree = "<group>"; };
		00485D35273D172A0075F874 /* gallery.xcdatamodel */ = {isa = PBXFileReference; lastKnownFileType = wrapper.xcdatamodel; path = gallery.xcdatamodel; sourceTree = "<group>"; };
		00485D37273D172C0075F874 /* Assets.xcassets */ = {isa = PBXFileReference; lastKnownFileType = folder.assetcatalog; path = Assets.xcassets; sourceTree = "<group>"; };
		00485D3A273D172C0075F874 /* Base */ = {isa = PBXFileReference; lastKnownFileType = file.storyboard; name = Base; path = Base.lproj/LaunchScreen.storyboard; sourceTree = "<group>"; };
		00485D3C273D172C0075F874 /* Info.plist */ = {isa = PBXFileReference; lastKnownFileType = text.plist.xml; path = Info.plist; sourceTree = "<group>"; };
		00485D42273D22C20075F874 /* DataManager.swift */ = {isa = PBXFileReference; lastKnownFileType = sourcecode.swift; path = DataManager.swift; sourceTree = "<group>"; };
		00485D46273D26620075F874 /* Photo.swift */ = {isa = PBXFileReference; lastKnownFileType = sourcecode.swift; path = Photo.swift; sourceTree = "<group>"; };
		00485D48273D2C200075F874 /* PhotoLib.swift */ = {isa = PBXFileReference; lastKnownFileType = sourcecode.swift; path = PhotoLib.swift; sourceTree = "<group>"; };
		00485D4A273D4ED60075F874 /* DynamicCodingKeys.swift */ = {isa = PBXFileReference; lastKnownFileType = sourcecode.swift; path = DynamicCodingKeys.swift; sourceTree = "<group>"; };
/* End PBXFileReference section */

/* Begin PBXFrameworksBuildPhase section */
		00485D25273D172A0075F874 /* Frameworks */ = {
			isa = PBXFrameworksBuildPhase;
			buildActionMask = 2147483647;
			files = (
			);
			runOnlyForDeploymentPostprocessing = 0;
		};
/* End PBXFrameworksBuildPhase section */

/* Begin PBXGroup section */
		00485D1F273D172A0075F874 = {
			isa = PBXGroup;
			children = (
				00485D2A273D172A0075F874 /* gallery */,
				00485D29273D172A0075F874 /* Products */,
			);
			sourceTree = "<group>";
		};
		00485D29273D172A0075F874 /* Products */ = {
			isa = PBXGroup;
			children = (
				00485D28273D172A0075F874 /* gallery.app */,
			);
			name = Products;
			sourceTree = "<group>";
		};
		00485D2A273D172A0075F874 /* gallery */ = {
			isa = PBXGroup;
			children = (
				00485D44273D22CC0075F874 /* Support files */,
				00485D2B273D172A0075F874 /* AppDelegate.swift */,
				00485D2D273D172A0075F874 /* SceneDelegate.swift */,
				00485D2F273D172A0075F874 /* ViewController.swift */,
				00485D31273D172A0075F874 /* Main.storyboard */,
				00485D37273D172C0075F874 /* Assets.xcassets */,
				00485D39273D172C0075F874 /* LaunchScreen.storyboard */,
				00485D3C273D172C0075F874 /* Info.plist */,
				00485D34273D172A0075F874 /* gallery.xcdatamodeld */,
			);
			path = gallery;
			sourceTree = "<group>";
		};
		00485D44273D22CC0075F874 /* Support files */ = {
			isa = PBXGroup;
			children = (
				00485D45273D25D90075F874 /* JSON parts */,
				00485D42273D22C20075F874 /* DataManager.swift */,
			);
			path = "Support files";
			sourceTree = "<group>";
		};
		00485D45273D25D90075F874 /* JSON parts */ = {
			isa = PBXGroup;
			children = (
				00485D4A273D4ED60075F874 /* DynamicCodingKeys.swift */,
				00485D46273D26620075F874 /* Photo.swift */,
				00485D48273D2C200075F874 /* PhotoLib.swift */,
			);
			path = "JSON parts";
			sourceTree = "<group>";
		};
/* End PBXGroup section */

/* Begin PBXNativeTarget section */
		00485D27273D172A0075F874 /* gallery */ = {
			isa = PBXNativeTarget;
			buildConfigurationList = 00485D3F273D172C0075F874 /* Build configuration list for PBXNativeTarget "gallery" */;
			buildPhases = (
				00485D24273D172A0075F874 /* Sources */,
				00485D25273D172A0075F874 /* Frameworks */,
				00485D26273D172A0075F874 /* Resources */,
			);
			buildRules = (
			);
			dependencies = (
			);
			name = gallery;
			productName = gallery;
			productReference = 00485D28273D172A0075F874 /* gallery.app */;
			productType = "com.apple.product-type.application";
		};
/* End PBXNativeTarget section */

/* Begin PBXProject section */
		00485D20273D172A0075F874 /* Project object */ = {
			isa = PBXProject;
			attributes = {
				BuildIndependentTargetsInParallel = 1;
				LastSwiftUpdateCheck = 1310;
				LastUpgradeCheck = 1310;
				TargetAttributes = {
					00485D27273D172A0075F874 = {
						CreatedOnToolsVersion = 13.1;
					};
				};
			};
			buildConfigurationList = 00485D23273D172A0075F874 /* Build configuration list for PBXProject "gallery" */;
			compatibilityVersion = "Xcode 13.0";
			developmentRegion = en;
			hasScannedForEncodings = 0;
			knownRegions = (
				en,
				Base,
			);
			mainGroup = 00485D1F273D172A0075F874;
			productRefGroup = 00485D29273D172A0075F874 /* Products */;
			projectDirPath = "";
			projectRoot = "";
			targets = (
				00485D27273D172A0075F874 /* gallery */,
			);
		};
/* End PBXProject section */

/* Begin PBXResourcesBuildPhase section */
		00485D26273D172A0075F874 /* Resources */ = {
			isa = PBXResourcesBuildPhase;
			buildActionMask = 2147483647;
			files = (
				00485D3B273D172C0075F874 /* LaunchScreen.storyboard in Resources */,
				00485D38273D172C0075F874 /* Assets.xcassets in Resources */,
				00485D33273D172A0075F874 /* Main.storyboard in Resources */,
			);
			runOnlyForDeploymentPostprocessing = 0;
		};
/* End PBXResourcesBuildPhase section */

/* Begin PBXSourcesBuildPhase section */
		00485D24273D172A0075F874 /* Sources */ = {
			isa = PBXSourcesBuildPhase;
			buildActionMask = 2147483647;
			files = (
				00485D49273D2C200075F874 /* PhotoLib.swift in Sources */,
				00485D36273D172A0075F874 /* gallery.xcdatamodeld in Sources */,
				00485D43273D22C20075F874 /* DataManager.swift in Sources */,
				00485D47273D26620075F874 /* Photo.swift in Sources */,
				00485D30273D172A0075F874 /* ViewController.swift in Sources */,
				00485D2C273D172A0075F874 /* AppDelegate.swift in Sources */,
				00485D2E273D172A0075F874 /* SceneDelegate.swift in Sources */,
				00485D4B273D4ED60075F874 /* DynamicCodingKeys.swift in Sources */,
			);
			runOnlyForDeploymentPostprocessing = 0;
		};
/* End PBXSourcesBuildPhase section */

/* Begin PBXVariantGroup section */
		00485D31273D172A0075F874 /* Main.storyboard */ = {
			isa = PBXVariantGroup;
			children = (
				00485D32273D172A0075F874 /* Base */,
			);
			name = Main.storyboard;
			sourceTree = "<group>";
		};
		00485D39273D172C0075F874 /* LaunchScreen.storyboard */ = {
			isa = PBXVariantGroup;
			children = (
				00485D3A273D172C0075F874 /* Base */,
			);
			name = LaunchScreen.storyboard;
			sourceTree = "<group>";
		};
/* End PBXVariantGroup section */

/* Begin XCBuildConfiguration section */
		00485D3D273D172C0075F874 /* Debug */ = {
			isa = XCBuildConfiguration;
			buildSettings = {
				ALWAYS_SEARCH_USER_PATHS = NO;
				CLANG_ANALYZER_NONNULL = YES;
				CLANG_ANALYZER_NUMBER_OBJECT_CONVERSION = YES_AGGRESSIVE;
				CLANG_CXX_LANGUAGE_STANDARD = "gnu++17";
				CLANG_CXX_LIBRARY = "libc++";
				CLANG_ENABLE_MODULES = YES;
				CLANG_ENABLE_OBJC_ARC = YES;
				CLANG_ENABLE_OBJC_WEAK = YES;
				CLANG_WARN_BLOCK_CAPTURE_AUTORELEASING = YES;
				CLANG_WARN_BOOL_CONVERSION = YES;
				CLANG_WARN_COMMA = YES;
				CLANG_WARN_CONSTANT_CONVERSION = YES;
				CLANG_WARN_DEPRECATED_OBJC_IMPLEMENTATIONS = YES;
				CLANG_WARN_DIRECT_OBJC_ISA_USAGE = YES_ERROR;
				CLANG_WARN_DOCUMENTATION_COMMENTS = YES;
				CLANG_WARN_EMPTY_BODY = YES;
				CLANG_WARN_ENUM_CONVERSION = YES;
				CLANG_WARN_INFINITE_RECURSION = YES;
				CLANG_WARN_INT_CONVERSION = YES;
				CLANG_WARN_NON_LITERAL_NULL_CONVERSION = YES;
				CLANG_WARN_OBJC_IMPLICIT_RETAIN_SELF = YES;
				CLANG_WARN_OBJC_LITERAL_CONVERSION = YES;
				CLANG_WARN_OBJC_ROOT_CLASS = YES_ERROR;
				CLANG_WARN_QUOTED_INCLUDE_IN_FRAMEWORK_HEADER = YES;
				CLANG_WARN_RANGE_LOOP_ANALYSIS = YES;
				CLANG_WARN_STRICT_PROTOTYPES = YES;
				CLANG_WARN_SUSPICIOUS_MOVE = YES;
				CLANG_WARN_UNGUARDED_AVAILABILITY = YES_AGGRESSIVE;
				CLANG_WARN_UNREACHABLE_CODE = YES;
				CLANG_WARN__DUPLICATE_METHOD_MATCH = YES;
				COPY_PHASE_STRIP = NO;
				DEBUG_INFORMATION_FORMAT = dwarf;
				ENABLE_STRICT_OBJC_MSGSEND = YES;
				ENABLE_TESTABILITY = YES;
				GCC_C_LANGUAGE_STANDARD = gnu11;
				GCC_DYNAMIC_NO_PIC = NO;
				GCC_NO_COMMON_BLOCKS = YES;
				GCC_OPTIMIZATION_LEVEL = 0;
				GCC_PREPROCESSOR_DEFINITIONS = (
					"DEBUG=1",
					"$(inherited)",
				);
				GCC_WARN_64_TO_32_BIT_CONVERSION = YES;
				GCC_WARN_ABOUT_RETURN_TYPE = YES_ERROR;
				GCC_WARN_UNDECLARED_SELECTOR = YES;
				GCC_WARN_UNINITIALIZED_AUTOS = YES_AGGRESSIVE;
				GCC_WARN_UNUSED_FUNCTION = YES;
				GCC_WARN_UNUSED_VARIABLE = YES;
				IPHONEOS_DEPLOYMENT_TARGET = 15.0;
				MTL_ENABLE_DEBUG_INFO = INCLUDE_SOURCE;
				MTL_FAST_MATH = YES;
				ONLY_ACTIVE_ARCH = YES;
				SDKROOT = iphoneos;
				SWIFT_ACTIVE_COMPILATION_CONDITIONS = DEBUG;
				SWIFT_OPTIMIZATION_LEVEL = "-Onone";
			};
			name = Debug;
		};
		00485D3E273D172C0075F874 /* Release */ = {
			isa = XCBuildConfiguration;
			buildSettings = {
				ALWAYS_SEARCH_USER_PATHS = NO;
				CLANG_ANALYZER_NONNULL = YES;
				CLANG_ANALYZER_NUMBER_OBJECT_CONVERSION = YES_AGGRESSIVE;
				CLANG_CXX_LANGUAGE_STANDARD = "gnu++17";
				CLANG_CXX_LIBRARY = "libc++";
				CLANG_ENABLE_MODULES = YES;
				CLANG_ENABLE_OBJC_ARC = YES;
				CLANG_ENABLE_OBJC_WEAK = YES;
				CLANG_WARN_BLOCK_CAPTURE_AUTORELEASING = YES;
				CLANG_WARN_BOOL_CONVERSION = YES;
				CLANG_WARN_COMMA = YES;
				CLANG_WARN_CONSTANT_CONVERSION = YES;
				CLANG_WARN_DEPRECATED_OBJC_IMPLEMENTATIONS = YES;
				CLANG_WARN_DIRECT_OBJC_ISA_USAGE = YES_ERROR;
				CLANG_WARN_DOCUMENTATION_COMMENTS = YES;
				CLANG_WARN_EMPTY_BODY = YES;
				CLANG_WARN_ENUM_CONVERSION = YES;
				CLANG_WARN_INFINITE_RECURSION = YES;
				CLANG_WARN_INT_CONVERSION = YES;
				CLANG_WARN_NON_LITERAL_NULL_CONVERSION = YES;
				CLANG_WARN_OBJC_IMPLICIT_RETAIN_SELF = YES;
				CLANG_WARN_OBJC_LITERAL_CONVERSION = YES;
				CLANG_WARN_OBJC_ROOT_CLASS = YES_ERROR;
				CLANG_WARN_QUOTED_INCLUDE_IN_FRAMEWORK_HEADER = YES;
				CLANG_WARN_RANGE_LOOP_ANALYSIS = YES;
				CLANG_WARN_STRICT_PROTOTYPES = YES;
				CLANG_WARN_SUSPICIOUS_MOVE = YES;
				CLANG_WARN_UNGUARDED_AVAILABILITY = YES_AGGRESSIVE;
				CLANG_WARN_UNREACHABLE_CODE = YES;
				CLANG_WARN__DUPLICATE_METHOD_MATCH = YES;
				COPY_PHASE_STRIP = NO;
				DEBUG_INFORMATION_FORMAT = "dwarf-with-dsym";
				ENABLE_NS_ASSERTIONS = NO;
				ENABLE_STRICT_OBJC_MSGSEND = YES;
				GCC_C_LANGUAGE_STANDARD = gnu11;
				GCC_NO_COMMON_BLOCKS = YES;
				GCC_WARN_64_TO_32_BIT_CONVERSION = YES;
				GCC_WARN_ABOUT_RETURN_TYPE = YES_ERROR;
				GCC_WARN_UNDECLARED_SELECTOR = YES;
				GCC_WARN_UNINITIALIZED_AUTOS = YES_AGGRESSIVE;
				GCC_WARN_UNUSED_FUNCTION = YES;
				GCC_WARN_UNUSED_VARIABLE = YES;
				IPHONEOS_DEPLOYMENT_TARGET = 15.0;
				MTL_ENABLE_DEBUG_INFO = NO;
				MTL_FAST_MATH = YES;
				SDKROOT = iphoneos;
				SWIFT_COMPILATION_MODE = wholemodule;
				SWIFT_OPTIMIZATION_LEVEL = "-O";
				VALIDATE_PRODUCT = YES;
			};
			name = Release;
		};
		00485D40273D172C0075F874 /* Debug */ = {
			isa = XCBuildConfiguration;
			buildSettings = {
				ASSETCATALOG_COMPILER_APPICON_NAME = AppIcon;
				ASSETCATALOG_COMPILER_GLOBAL_ACCENT_COLOR_NAME = AccentColor;
				CODE_SIGN_STYLE = Automatic;
				CURRENT_PROJECT_VERSION = 1;
				DEVELOPMENT_TEAM = T47FCU3CXH;
				GENERATE_INFOPLIST_FILE = YES;
				INFOPLIST_FILE = gallery/Info.plist;
				INFOPLIST_KEY_UIApplicationSupportsIndirectInputEvents = YES;
				INFOPLIST_KEY_UILaunchStoryboardName = LaunchScreen;
				INFOPLIST_KEY_UIMainStoryboardFile = Main;
				INFOPLIST_KEY_UISupportedInterfaceOrientations_iPad = "UIInterfaceOrientationPortrait UIInterfaceOrientationPortraitUpsideDown UIInterfaceOrientationLandscapeLeft UIInterfaceOrientationLandscapeRight";
				INFOPLIST_KEY_UISupportedInterfaceOrientations_iPhone = "UIInterfaceOrientationPortrait UIInterfaceOrientationLandscapeLeft UIInterfaceOrientationLandscapeRight";
				LD_RUNPATH_SEARCH_PATHS = (
					"$(inherited)",
					"@executable_path/Frameworks",
				);
				MARKETING_VERSION = 1.0;
				PRODUCT_BUNDLE_IDENTIFIER = com.shurykin.gallery;
				PRODUCT_NAME = "$(TARGET_NAME)";
				SWIFT_EMIT_LOC_STRINGS = YES;
				SWIFT_VERSION = 5.0;
				TARGETED_DEVICE_FAMILY = "1,2";
			};
			name = Debug;
		};
		00485D41273D172C0075F874 /* Release */ = {
			isa = XCBuildConfiguration;
			buildSettings = {
				ASSETCATALOG_COMPILER_APPICON_NAME = AppIcon;
				ASSETCATALOG_COMPILER_GLOBAL_ACCENT_COLOR_NAME = AccentColor;
				CODE_SIGN_STYLE = Automatic;
				CURRENT_PROJECT_VERSION = 1;
				DEVELOPMENT_TEAM = T47FCU3CXH;
				GENERATE_INFOPLIST_FILE = YES;
				INFOPLIST_FILE = gallery/Info.plist;
				INFOPLIST_KEY_UIApplicationSupportsIndirectInputEvents = YES;
				INFOPLIST_KEY_UILaunchStoryboardName = LaunchScreen;
				INFOPLIST_KEY_UIMainStoryboardFile = Main;
				INFOPLIST_KEY_UISupportedInterfaceOrientations_iPad = "UIInterfaceOrientationPortrait UIInterfaceOrientationPortraitUpsideDown UIInterfaceOrientationLandscapeLeft UIInterfaceOrientationLandscapeRight";
				INFOPLIST_KEY_UISupportedInterfaceOrientations_iPhone = "UIInterfaceOrientationPortrait UIInterfaceOrientationLandscapeLeft UIInterfaceOrientationLandscapeRight";
				LD_RUNPATH_SEARCH_PATHS = (
					"$(inherited)",
					"@executable_path/Frameworks",
				);
				MARKETING_VERSION = 1.0;
				PRODUCT_BUNDLE_IDENTIFIER = com.shurykin.gallery;
				PRODUCT_NAME = "$(TARGET_NAME)";
				SWIFT_EMIT_LOC_STRINGS = YES;
				SWIFT_VERSION = 5.0;
				TARGETED_DEVICE_FAMILY = "1,2";
			};
			name = Release;
		};
/* End XCBuildConfiguration section */

/* Begin XCConfigurationList section */
		00485D23273D172A0075F874 /* Build configuration list for PBXProject "gallery" */ = {
			isa = XCConfigurationList;
			buildConfigurations = (
				00485D3D273D172C0075F874 /* Debug */,
				00485D3E273D172C0075F874 /* Release */,
			);
			defaultConfigurationIsVisible = 0;
			defaultConfigurationName = Release;
		};
		00485D3F273D172C0075F874 /* Build configuration list for PBXNativeTarget "gallery" */ = {
			isa = XCConfigurationList;
			buildConfigurations = (
				00485D40273D172C0075F874 /* Debug */,
				00485D41273D172C0075F874 /* Release */,
			);
			defaultConfigurationIsVisible = 0;
			defaultConfigurationName = Release;
		};
/* End XCConfigurationList section */

/* Begin XCVersionGroup section */
		00485D34273D172A0075F874 /* gallery.xcdatamodeld */ = {
			isa = XCVersionGroup;
			children = (
				00485D35273D172A0075F874 /* gallery.xcdatamodel */,
			);
			currentVersion = 00485D35273D172A0075F874 /* gallery.xcdatamodel */;
			path = gallery.xcdatamodeld;
			sourceTree = "<group>";
			versionGroupType = wrapper.xcdatamodel;
		};
/* End XCVersionGroup section */
	};
	rootObject = 00485D20273D172A0075F874 /* Project object */;
}
